
Microsoft Visual Studio Solution File, Format Version 12.00
# Visual Studio 14
VisualStudioVersion = 14.0.25420.1
MinimumVisualStudioVersion = 10.0.40219.1
Project("{FAE04EC0-301F-11D3-BF4B-00C04F79EFBC}") = "HuaheBase", "HuaheBase\HuaheBase.csproj", "{FFF0F95A-9D3A-477E-948A-3C38E380EB2A}"
EndProject
Project("{FAE04EC0-301F-11D3-BF4B-00C04F79EFBC}") = "HuaheBaseUnitTest", "HuaheBaseUnitTest\HuaheBaseUnitTest.csproj", "{03AFA884-EF9B-4739-A9DC-6BCF0D373CEE}"
EndProject
Project("{2150E333-8FDC-42A3-9474-1A3956D46DE8}") = "Solution Items", "Solution Items", "{053E1A43-2A30-44B5-8D91-D92A29112EE6}"
	ProjectSection(SolutionItems) = preProject
		ToDoList.txt = ToDoList.txt
	EndProjectSection
EndProject
Project("{FAE04EC0-301F-11D3-BF4B-00C04F79EFBC}") = "HuaheData", "HuaheData\HuaheData.csproj", "{52ED444E-8215-4023-8CEE-C3F7E4D71698}"
EndProject
Global
	GlobalSection(SolutionConfigurationPlatforms) = preSolution
		Debug|Any CPU = Debug|Any CPU
		Release|Any CPU = Release|Any CPU
	EndGlobalSection
	GlobalSection(ProjectConfigurationPlatforms) = postSolution
		{FFF0F95A-9D3A-477E-948A-3C38E380EB2A}.Debug|Any CPU.ActiveCfg = Debug|Any CPU
		{FFF0F95A-9D3A-477E-948A-3C38E380EB2A}.Debug|Any CPU.Build.0 = Debug|Any CPU
		{FFF0F95A-9D3A-477E-948A-3C38E380EB2A}.Release|Any CPU.ActiveCfg = Release|Any CPU
		{FFF0F95A-9D3A-477E-948A-3C38E380EB2A}.Release|Any CPU.Build.0 = Release|Any CPU
		{03AFA884-EF9B-4739-A9DC-6BCF0D373CEE}.Debug|Any CPU.ActiveCfg = Debug|Any CPU
		{03AFA884-EF9B-4739-A9DC-6BCF0D373CEE}.Debug|Any CPU.Build.0 = Debug|Any CPU
		{03AFA884-EF9B-4739-A9DC-6BCF0D373CEE}.Release|Any CPU.ActiveCfg = Release|Any CPU
		{03AFA884-EF9B-4739-A9DC-6BCF0D373CEE}.Release|Any CPU.Build.0 = Release|Any CPU
		{52ED444E-8215-4023-8CEE-C3F7E4D71698}.Debug|Any CPU.ActiveCfg = Debug|Any CPU
		{52ED444E-8215-4023-8CEE-C3F7E4D71698}.Debug|Any CPU.Build.0 = Debug|Any CPU
		{52ED444E-8215-4023-8CEE-C3F7E4D71698}.Release|Any CPU.ActiveCfg = Release|Any CPU
		{52ED444E-8215-4023-8CEE-C3F7E4D71698}.Release|Any CPU.Build.0 = Release|Any CPU
	EndGlobalSection
	GlobalSection(SolutionProperties) = preSolution
		HideSolutionNode = FALSE
	EndGlobalSection
EndGlobal
